
Microsoft Visual Studio Solution File, Format Version 12.00
# Visual Studio Version 17
VisualStudioVersion = 17.9.34607.119
MinimumVisualStudioVersion = 10.0.40219.1
Project("{FAE04EC0-301F-11D3-BF4B-00C04F79EFBC}") = "BadmintonRentalPlatformClient", "BadmintonRentalPlatformClient\BadmintonRentalPlatformClient.csproj", "{C64AF47A-B4F8-4070-861B-EBF9EFD59D89}"
EndProject
Project("{FAE04EC0-301F-11D3-BF4B-00C04F79EFBC}") = "Utilization", "Utilization\Utilization.csproj", "{C6FB98A4-E1B2-4A24-ACD0-04B75EC3A543}"
EndProject
Project("{FAE04EC0-301F-11D3-BF4B-00C04F79EFBC}") = "BadmintonRentalPlatformAdmin", "BadmintonRentalPlatformAdmin\BadmintonRentalPlatformAdmin.csproj", "{B0D94830-418D-4CA5-A101-CA3D2FBC0FE6}"
EndProject
Project("{FAE04EC0-301F-11D3-BF4B-00C04F79EFBC}") = "BusinessObject", "BusinessObject\BusinessObject.csproj", "{CCF35E53-56CF-4941-A160-1B82EDBE8446}"
EndProject
Project("{FAE04EC0-301F-11D3-BF4B-00C04F79EFBC}") = "DTOs", "DTOs\DTOs.csproj", "{ED6D6762-9090-47DF-9A67-FDCE38BCD670}"
EndProject
Global
	GlobalSection(SolutionConfigurationPlatforms) = preSolution
		Debug|Any CPU = Debug|Any CPU
		Release|Any CPU = Release|Any CPU
	EndGlobalSection
	GlobalSection(ProjectConfigurationPlatforms) = postSolution
		{C64AF47A-B4F8-4070-861B-EBF9EFD59D89}.Debug|Any CPU.ActiveCfg = Debug|Any CPU
		{C64AF47A-B4F8-4070-861B-EBF9EFD59D89}.Debug|Any CPU.Build.0 = Debug|Any CPU
		{C64AF47A-B4F8-4070-861B-EBF9EFD59D89}.Release|Any CPU.ActiveCfg = Release|Any CPU
		{C64AF47A-B4F8-4070-861B-EBF9EFD59D89}.Release|Any CPU.Build.0 = Release|Any CPU
		{C6FB98A4-E1B2-4A24-ACD0-04B75EC3A543}.Debug|Any CPU.ActiveCfg = Debug|Any CPU
		{C6FB98A4-E1B2-4A24-ACD0-04B75EC3A543}.Debug|Any CPU.Build.0 = Debug|Any CPU
		{C6FB98A4-E1B2-4A24-ACD0-04B75EC3A543}.Release|Any CPU.ActiveCfg = Release|Any CPU
		{C6FB98A4-E1B2-4A24-ACD0-04B75EC3A543}.Release|Any CPU.Build.0 = Release|Any CPU
		{B0D94830-418D-4CA5-A101-CA3D2FBC0FE6}.Debug|Any CPU.ActiveCfg = Debug|Any CPU
		{B0D94830-418D-4CA5-A101-CA3D2FBC0FE6}.Debug|Any CPU.Build.0 = Debug|Any CPU
		{B0D94830-418D-4CA5-A101-CA3D2FBC0FE6}.Release|Any CPU.ActiveCfg = Release|Any CPU
		{B0D94830-418D-4CA5-A101-CA3D2FBC0FE6}.Release|Any CPU.Build.0 = Release|Any CPU
		{CCF35E53-56CF-4941-A160-1B82EDBE8446}.Debug|Any CPU.ActiveCfg = Debug|Any CPU
		{CCF35E53-56CF-4941-A160-1B82EDBE8446}.Debug|Any CPU.Build.0 = Debug|Any CPU
		{CCF35E53-56CF-4941-A160-1B82EDBE8446}.Release|Any CPU.ActiveCfg = Release|Any CPU
		{CCF35E53-56CF-4941-A160-1B82EDBE8446}.Release|Any CPU.Build.0 = Release|Any CPU
		{ED6D6762-9090-47DF-9A67-FDCE38BCD670}.Debug|Any CPU.ActiveCfg = Debug|Any CPU
		{ED6D6762-9090-47DF-9A67-FDCE38BCD670}.Debug|Any CPU.Build.0 = Debug|Any CPU
		{ED6D6762-9090-47DF-9A67-FDCE38BCD670}.Release|Any CPU.ActiveCfg = Release|Any CPU
		{ED6D6762-9090-47DF-9A67-FDCE38BCD670}.Release|Any CPU.Build.0 = Release|Any CPU
	EndGlobalSection
	GlobalSection(SolutionProperties) = preSolution
		HideSolutionNode = FALSE
	EndGlobalSection
	GlobalSection(ExtensibilityGlobals) = postSolution
		SolutionGuid = {E3DD8D6E-D47D-4C58-91A5-880F8A7F10F2}
	EndGlobalSection
EndGlobal
